
Microsoft Visual Studio Solution File, Format Version 12.00
# Visual Studio Version 17
VisualStudioVersion = 17.8.34330.188
MinimumVisualStudioVersion = 10.0.40219.1
Project("{FAE04EC0-301F-11D3-BF4B-00C04F79EFBC}") = "VisulizaCarros", "VisulizaCarros\VisulizaCarros.csproj", "{6FD460B8-2F09-47C9-A8FB-39174A8D0595}"
EndProject
Global
	GlobalSection(SolutionConfigurationPlatforms) = preSolution
		Debug|Any CPU = Debug|Any CPU
		Release|Any CPU = Release|Any CPU
	EndGlobalSection
	GlobalSection(ProjectConfigurationPlatforms) = postSolution
		{6FD460B8-2F09-47C9-A8FB-39174A8D0595}.Debug|Any CPU.ActiveCfg = Debug|Any CPU
		{6FD460B8-2F09-47C9-A8FB-39174A8D0595}.Debug|Any CPU.Build.0 = Debug|Any CPU
		{6FD460B8-2F09-47C9-A8FB-39174A8D0595}.Release|Any CPU.ActiveCfg = Release|Any CPU
		{6FD460B8-2F09-47C9-A8FB-39174A8D0595}.Release|Any CPU.Build.0 = Release|Any CPU
	EndGlobalSection
	GlobalSection(SolutionProperties) = preSolution
		HideSolutionNode = FALSE
	EndGlobalSection
	GlobalSection(ExtensibilityGlobals) = postSolution
		SolutionGuid = {706576DB-5079-4D1B-8C4C-1543B7076744}
	EndGlobalSection
EndGlobal
